
Microsoft Visual Studio Solution File, Format Version 12.00
# Visual Studio Version 17
VisualStudioVersion = 17.12.35707.178 d17.12
MinimumVisualStudioVersion = 10.0.40219.1
Project("{FAE04EC0-301F-11D3-BF4B-00C04F79EFBC}") = "ExternalUserServiceLibrary", "ExternalUserServiceLibrary\ExternalUserServiceLibrary.csproj", "{06AC8259-D4D6-4640-80DE-F85929AD8A71}"
EndProject
Project("{FAE04EC0-301F-11D3-BF4B-00C04F79EFBC}") = "ExternalUserServiceLibrary.Tests", "ExternalUserServiceLibrary.Tests\ExternalUserServiceLibrary.Tests.csproj", "{318E8B66-5EC0-41AA-AEB2-AEDAE64ADA29}"
EndProject
Project("{FAE04EC0-301F-11D3-BF4B-00C04F79EFBC}") = "ExternalUserServiceConsoleDemo", "ExternalUserServiceConsoleDemo\ExternalUserServiceConsoleDemo.csproj", "{0C1BED9E-7A56-47CF-824C-9392EC85D662}"
EndProject
Global
	GlobalSection(SolutionConfigurationPlatforms) = preSolution
		Debug|Any CPU = Debug|Any CPU
		Release|Any CPU = Release|Any CPU
	EndGlobalSection
	GlobalSection(ProjectConfigurationPlatforms) = postSolution
		{06AC8259-D4D6-4640-80DE-F85929AD8A71}.Debug|Any CPU.ActiveCfg = Debug|Any CPU
		{06AC8259-D4D6-4640-80DE-F85929AD8A71}.Debug|Any CPU.Build.0 = Debug|Any CPU
		{06AC8259-D4D6-4640-80DE-F85929AD8A71}.Release|Any CPU.ActiveCfg = Release|Any CPU
		{06AC8259-D4D6-4640-80DE-F85929AD8A71}.Release|Any CPU.Build.0 = Release|Any CPU
		{318E8B66-5EC0-41AA-AEB2-AEDAE64ADA29}.Debug|Any CPU.ActiveCfg = Debug|Any CPU
		{318E8B66-5EC0-41AA-AEB2-AEDAE64ADA29}.Debug|Any CPU.Build.0 = Debug|Any CPU
		{318E8B66-5EC0-41AA-AEB2-AEDAE64ADA29}.Release|Any CPU.ActiveCfg = Release|Any CPU
		{318E8B66-5EC0-41AA-AEB2-AEDAE64ADA29}.Release|Any CPU.Build.0 = Release|Any CPU
		{0C1BED9E-7A56-47CF-824C-9392EC85D662}.Debug|Any CPU.ActiveCfg = Debug|Any CPU
		{0C1BED9E-7A56-47CF-824C-9392EC85D662}.Debug|Any CPU.Build.0 = Debug|Any CPU
		{0C1BED9E-7A56-47CF-824C-9392EC85D662}.Release|Any CPU.ActiveCfg = Release|Any CPU
		{0C1BED9E-7A56-47CF-824C-9392EC85D662}.Release|Any CPU.Build.0 = Release|Any CPU
	EndGlobalSection
	GlobalSection(SolutionProperties) = preSolution
		HideSolutionNode = FALSE
	EndGlobalSection
EndGlobal
